Microsoft Visual Studio Solution File, Format Version 11.00
# Visual Studio 2008

Project("{C41A3189-0959-544C-6523-AF684561ABE5}") = "Target", "Assembly-CSharp-firstpass.csproj", "{C6C38B4B-C9CD-3FD9-CDBA-A57589D9135A}"
EndProject
Project("{C41A3189-0959-544C-6523-AF684561ABE5}") = "Target", "Assembly-UnityScript-firstpass.unityproj", "{3B86B13E-B253-B8C4-938E-3C377268048C}"
EndProject
Project("{C41A3189-0959-544C-6523-AF684561ABE5}") = "Target", "Assembly-UnityScript.unityproj", "{2AAE4ACC-A170-7FD9-DFCE-CCFCDD77466E}"
EndProject
Global
	GlobalSection(SolutionConfigurationPlatforms) = preSolution
		Debug|Any CPU = Debug|Any CPU
		Release|Any CPU = Release|Any CPU
	EndGlobalSection
	GlobalSection(ProjectConfigurationPlatforms) = postSolution
		{C6C38B4B-C9CD-3FD9-CDBA-A57589D9135A}.Debug|Any CPU.ActiveCfg = Debug|Any CPU
		{C6C38B4B-C9CD-3FD9-CDBA-A57589D9135A}.Debug|Any CPU.Build.0 = Debug|Any CPU
		{C6C38B4B-C9CD-3FD9-CDBA-A57589D9135A}.Release|Any CPU.ActiveCfg = Release|Any CPU
		{C6C38B4B-C9CD-3FD9-CDBA-A57589D9135A}.Release|Any CPU.Build.0 = Release|Any CPU
		{3B86B13E-B253-B8C4-938E-3C377268048C}.Debug|Any CPU.ActiveCfg = Debug|Any CPU
		{3B86B13E-B253-B8C4-938E-3C377268048C}.Debug|Any CPU.Build.0 = Debug|Any CPU
		{3B86B13E-B253-B8C4-938E-3C377268048C}.Release|Any CPU.ActiveCfg = Release|Any CPU
		{3B86B13E-B253-B8C4-938E-3C377268048C}.Release|Any CPU.Build.0 = Release|Any CPU
		{2AAE4ACC-A170-7FD9-DFCE-CCFCDD77466E}.Debug|Any CPU.ActiveCfg = Debug|Any CPU
		{2AAE4ACC-A170-7FD9-DFCE-CCFCDD77466E}.Debug|Any CPU.Build.0 = Debug|Any CPU
		{2AAE4ACC-A170-7FD9-DFCE-CCFCDD77466E}.Release|Any CPU.ActiveCfg = Release|Any CPU
		{2AAE4ACC-A170-7FD9-DFCE-CCFCDD77466E}.Release|Any CPU.Build.0 = Release|Any CPU
	EndGlobalSection
	GlobalSection(SolutionProperties) = preSolution
		HideSolutionNode = FALSE
	EndGlobalSection
																																																			GlobalSection(MonoDevelopProperties) = preSolution
		StartupItem = Assembly-CSharp.csproj
		Policies = $0
		$0.TextStylePolicy = $1
		$1.inheritsSet = null
		$1.scope = text/x-csharp
		$0.CSharpFormattingPolicy = $2
		$2.inheritsSet = Mono
		$2.inheritsScope = text/x-csharp
		$2.scope = text/x-csharp
		$0.TextStylePolicy = $3
		$3.FileWidth = 120
		$3.TabWidth = 4
		$3.EolMarker = Unix
		$3.inheritsSet = Mono
		$3.inheritsScope = text/plain
		$3.scope = text/plain
	EndGlobalSection

EndGlobal
